
Microsoft Visual Studio Solution File, Format Version 12.00
# Visual Studio Version 17
VisualStudioVersion = 17.4.33213.308
MinimumVisualStudioVersion = 10.0.40219.1
Project("{FAE04EC0-301F-11D3-BF4B-00C04F79EFBC}") = "exersice_1", "exersice_1\exersice_1.csproj", "{FAF23846-62B1-4F6B-BB26-63E7FCC151D9}"
EndProject
Global
	GlobalSection(SolutionConfigurationPlatforms) = preSolution
		Debug|Any CPU = Debug|Any CPU
		Release|Any CPU = Release|Any CPU
	EndGlobalSection
	GlobalSection(ProjectConfigurationPlatforms) = postSolution
		{FAF23846-62B1-4F6B-BB26-63E7FCC151D9}.Debug|Any CPU.ActiveCfg = Debug|Any CPU
		{FAF23846-62B1-4F6B-BB26-63E7FCC151D9}.Debug|Any CPU.Build.0 = Debug|Any CPU
		{FAF23846-62B1-4F6B-BB26-63E7FCC151D9}.Release|Any CPU.ActiveCfg = Release|Any CPU
		{FAF23846-62B1-4F6B-BB26-63E7FCC151D9}.Release|Any CPU.Build.0 = Release|Any CPU
	EndGlobalSection
	GlobalSection(SolutionProperties) = preSolution
		HideSolutionNode = FALSE
	EndGlobalSection
	GlobalSection(ExtensibilityGlobals) = postSolution
		SolutionGuid = {D2F6D0C4-BF22-41A8-B0BC-C75ED1EA367F}
	EndGlobalSection
EndGlobal
