
Microsoft Visual Studio Solution File, Format Version 12.00
# Visual Studio Version 17
VisualStudioVersion = 17.4.33213.308
MinimumVisualStudioVersion = 10.0.40219.1
Project("{FAE04EC0-301F-11D3-BF4B-00C04F79EFBC}") = "exersice_2", "exersice_2\exersice_2.csproj", "{CF2FE05B-203B-4CB8-9814-2752DF7E81B3}"
EndProject
Global
	GlobalSection(SolutionConfigurationPlatforms) = preSolution
		Debug|Any CPU = Debug|Any CPU
		Release|Any CPU = Release|Any CPU
	EndGlobalSection
	GlobalSection(ProjectConfigurationPlatforms) = postSolution
		{CF2FE05B-203B-4CB8-9814-2752DF7E81B3}.Debug|Any CPU.ActiveCfg = Debug|Any CPU
		{CF2FE05B-203B-4CB8-9814-2752DF7E81B3}.Debug|Any CPU.Build.0 = Debug|Any CPU
		{CF2FE05B-203B-4CB8-9814-2752DF7E81B3}.Release|Any CPU.ActiveCfg = Release|Any CPU
		{CF2FE05B-203B-4CB8-9814-2752DF7E81B3}.Release|Any CPU.Build.0 = Release|Any CPU
	EndGlobalSection
	GlobalSection(SolutionProperties) = preSolution
		HideSolutionNode = FALSE
	EndGlobalSection
	GlobalSection(ExtensibilityGlobals) = postSolution
		SolutionGuid = {E0E53B3F-822F-4D8D-81FF-5B023587211A}
	EndGlobalSection
EndGlobal
