
Microsoft Visual Studio Solution File, Format Version 12.00
# Visual Studio Version 17
VisualStudioVersion = 17.4.33213.308
MinimumVisualStudioVersion = 10.0.40219.1
Project("{FAE04EC0-301F-11D3-BF4B-00C04F79EFBC}") = "exercise_2", "exercise_2\exercise_2.csproj", "{05AC57FB-5403-4173-BAF6-2CB3D2B0F9FB}"
EndProject
Global
	GlobalSection(SolutionConfigurationPlatforms) = preSolution
		Debug|Any CPU = Debug|Any CPU
		Release|Any CPU = Release|Any CPU
	EndGlobalSection
	GlobalSection(ProjectConfigurationPlatforms) = postSolution
		{05AC57FB-5403-4173-BAF6-2CB3D2B0F9FB}.Debug|Any CPU.ActiveCfg = Debug|Any CPU
		{05AC57FB-5403-4173-BAF6-2CB3D2B0F9FB}.Debug|Any CPU.Build.0 = Debug|Any CPU
		{05AC57FB-5403-4173-BAF6-2CB3D2B0F9FB}.Release|Any CPU.ActiveCfg = Release|Any CPU
		{05AC57FB-5403-4173-BAF6-2CB3D2B0F9FB}.Release|Any CPU.Build.0 = Release|Any CPU
	EndGlobalSection
	GlobalSection(SolutionProperties) = preSolution
		HideSolutionNode = FALSE
	EndGlobalSection
	GlobalSection(ExtensibilityGlobals) = postSolution
		SolutionGuid = {6AF750F9-0DA5-41C8-9782-544F0E022656}
	EndGlobalSection
EndGlobal
